// !$*UTF8*$!
{
	archiveVersion = 1;
	classes = {
	};
	objectVersion = 48;
	objects = {

/* Begin PBXBuildFile section */
		B05057CD1FABFAD8009D720A /* AppDelegate.swift in Sources */ = {isa = PBXBuildFile; fileRef = B05057CC1FABFAD8009D720A /* AppDelegate.swift */; };
		B05057D01FABFAD8009D720A /* PasswordManager.xcdatamodeld in Sources */ = {isa = PBXBuildFile; fileRef = B05057CE1FABFAD8009D720A /* PasswordManager.xcdatamodeld */; };
		B05057D21FABFAD8009D720A /* MasterViewController.swift in Sources */ = {isa = PBXBuildFile; fileRef = B05057D11FABFAD8009D720A /* MasterViewController.swift */; };
		B05057D41FABFAD8009D720A /* DetailViewController.swift in Sources */ = {isa = PBXBuildFile; fileRef = B05057D31FABFAD8009D720A /* DetailViewController.swift */; };
		B05057D71FABFAD8009D720A /* Main.storyboard in Resources */ = {isa = PBXBuildFile; fileRef = B05057D51FABFAD8009D720A /* Main.storyboard */; };
		B05057D91FABFAD8009D720A /* Assets.xcassets in Resources */ = {isa = PBXBuildFile; fileRef = B05057D81FABFAD8009D720A /* Assets.xcassets */; };
		B05057DC1FABFAD8009D720A /* LaunchScreen.storyboard in Resources */ = {isa = PBXBuildFile; fileRef = B05057DA1FABFAD8009D720A /* LaunchScreen.storyboard */; };
		B05057E71FABFAD9009D720A /* PasswordManagerTests.swift in Sources */ = {isa = PBXBuildFile; fileRef = B05057E61FABFAD9009D720A /* PasswordManagerTests.swift */; };
		B05057F21FABFAD9009D720A /* PasswordManagerUITests.swift in Sources */ = {isa = PBXBuildFile; fileRef = B05057F11FABFAD9009D720A /* PasswordManagerUITests.swift */; };
/* End PBXBuildFile section */

/* Begin PBXContainerItemProxy section */
		B05057E31FABFAD9009D720A /* PBXContainerItemProxy */ = {
			isa = PBXContainerItemProxy;
			containerPortal = B05057C11FABFAD8009D720A /* Project object */;
			proxyType = 1;
			remoteGlobalIDString = B05057C81FABFAD8009D720A;
			remoteInfo = PasswordManager;
		};
		B05057EE1FABFAD9009D720A /* PBXContainerItemProxy */ = {
			isa = PBXContainerItemProxy;
			containerPortal = B05057C11FABFAD8009D720A /* Project object */;
			proxyType = 1;
			remoteGlobalIDString = B05057C81FABFAD8009D720A;
			remoteInfo = PasswordManager;
		};
/* End PBXContainerItemProxy section */

/* Begin PBXFileReference section */
		B05057C91FABFAD8009D720A /* PasswordManager.app */ = {isa = PBXFileReference; explicitFileType = wrapper.application; includeInIndex = 0; path = PasswordManager.app; sourceTree = BUILT_PRODUCTS_DIR; };
		B05057CC1FABFAD8009D720A /* AppDelegate.swift */ = {isa = PBXFileReference; lastKnownFileType = sourcecode.swift; path = AppDelegate.swift; sourceTree = "<group>"; };
		B05057CF1FABFAD8009D720A /* PasswordManager.xcdatamodel */ = {isa = PBXFileReference; lastKnownFileType = wrapper.xcdatamodel; path = PasswordManager.xcdatamodel; sourceTree = "<group>"; };
		B05057D11FABFAD8009D720A /* MasterViewController.swift */ = {isa = PBXFileReference; lastKnownFileType = sourcecode.swift; path = MasterViewController.swift; sourceTree = "<group>"; };
		B05057D31FABFAD8009D720A /* DetailViewController.swift */ = {isa = PBXFileReference; lastKnownFileType = sourcecode.swift; path = DetailViewController.swift; sourceTree = "<group>"; };
		B05057D61FABFAD8009D720A /* Base */ = {isa = PBXFileReference; lastKnownFileType = file.storyboard; name = Base; path = Base.lproj/Main.storyboard; sourceTree = "<group>"; };
		B05057D81FABFAD8009D720A /* Assets.xcassets */ = {isa = PBXFileReference; lastKnownFileType = folder.assetcatalog; path = Assets.xcassets; sourceTree = "<group>"; };
		B05057DB1FABFAD8009D720A /* Base */ = {isa = PBXFileReference; lastKnownFileType = file.storyboard; name = Base; path = Base.lproj/LaunchScreen.storyboard; sourceTree = "<group>"; };
		B05057DD1FABFAD8009D720A /* Info.plist */ = {isa = PBXFileReference; lastKnownFileType = text.plist.xml; path = Info.plist; sourceTree = "<group>"; };
		B05057E21FABFAD9009D720A /* PasswordManagerTests.xctest */ = {isa = PBXFileReference; explicitFileType = wrapper.cfbundle; includeInIndex = 0; path = PasswordManagerTests.xctest; sourceTree = BUILT_PRODUCTS_DIR; };
		B05057E61FABFAD9009D720A /* PasswordManagerTests.swift */ = {isa = PBXFileReference; lastKnownFileType = sourcecode.swift; path = PasswordManagerTests.swift; sourceTree = "<group>"; };
		B05057E81FABFAD9009D720A /* Info.plist */ = {isa = PBXFileReference; lastKnownFileType = text.plist.xml; path = Info.plist; sourceTree = "<group>"; };
		B05057ED1FABFAD9009D720A /* PasswordManagerUITests.xctest */ = {isa = PBXFileReference; explicitFileType = wrapper.cfbundle; includeInIndex = 0; path = PasswordManagerUITests.xctest; sourceTree = BUILT_PRODUCTS_DIR; };
		B05057F11FABFAD9009D720A /* PasswordManagerUITests.swift */ = {isa = PBXFileReference; lastKnownFileType = sourcecode.swift; path = PasswordManagerUITests.swift; sourceTree = "<group>"; };
		B05057F31FABFAD9009D720A /* Info.plist */ = {isa = PBXFileReference; lastKnownFileType = text.plist.xml; path = Info.plist; sourceTree = "<group>"; };
/* End PBXFileReference section */

/* Begin PBXFrameworksBuildPhase section */
		B05057C61FABFAD8009D720A /* Frameworks */ = {
			isa = PBXFrameworksBuildPhase;
			buildActionMask = 2147483647;
			files = (
			);
			runOnlyForDeploymentPostprocessing = 0;
		};
		B05057DF1FABFAD9009D720A /* Frameworks */ = {
			isa = PBXFrameworksBuildPhase;
			buildActionMask = 2147483647;
			files = (
			);
			runOnlyForDeploymentPostprocessing = 0;
		};
		B05057EA1FABFAD9009D720A /* Frameworks */ = {
			isa = PBXFrameworksBuildPhase;
			buildActionMask = 2147483647;
			files = (
			);
			runOnlyForDeploymentPostprocessing = 0;
		};
/* End PBXFrameworksBuildPhase section */

/* Begin PBXGroup section */
		B05057C01FABFAD8009D720A = {
			isa = PBXGroup;
			children = (
				B05057CB1FABFAD8009D720A /* PasswordManager */,
				B05057E51FABFAD9009D720A /* PasswordManagerTests */,
				B05057F01FABFAD9009D720A /* PasswordManagerUITests */,
				B05057CA1FABFAD8009D720A /* Products */,
			);
			sourceTree = "<group>";
		};
		B05057CA1FABFAD8009D720A /* Products */ = {
			isa = PBXGroup;
			children = (
				B05057C91FABFAD8009D720A /* PasswordManager.app */,
				B05057E21FABFAD9009D720A /* PasswordManagerTests.xctest */,
				B05057ED1FABFAD9009D720A /* PasswordManagerUITests.xctest */,
			);
			name = Products;
			sourceTree = "<group>";
		};
		B05057CB1FABFAD8009D720A /* PasswordManager */ = {
			isa = PBXGroup;
			children = (
				B05057CC1FABFAD8009D720A /* AppDelegate.swift */,
				B05057D11FABFAD8009D720A /* MasterViewController.swift */,
				B05057D31FABFAD8009D720A /* DetailViewController.swift */,
				B05057D51FABFAD8009D720A /* Main.storyboard */,
				B05057D81FABFAD8009D720A /* Assets.xcassets */,
				B05057DA1FABFAD8009D720A /* LaunchScreen.storyboard */,
				B05057DD1FABFAD8009D720A /* Info.plist */,
				B05057CE1FABFAD8009D720A /* PasswordManager.xcdatamodeld */,
			);
			path = PasswordManager;
			sourceTree = "<group>";
		};
		B05057E51FABFAD9009D720A /* PasswordManagerTests */ = {
			isa = PBXGroup;
			children = (
				B05057E61FABFAD9009D720A /* PasswordManagerTests.swift */,
				B05057E81FABFAD9009D720A /* Info.plist */,
			);
			path = PasswordManagerTests;
			sourceTree = "<group>";
		};
		B05057F01FABFAD9009D720A /* PasswordManagerUITests */ = {
			isa = PBXGroup;
			children = (
				B05057F11FABFAD9009D720A /* PasswordManagerUITests.swift */,
				B05057F31FABFAD9009D720A /* Info.plist */,
			);
			path = PasswordManagerUITests;
			sourceTree = "<group>";
		};
/* End PBXGroup section */

/* Begin PBXNativeTarget section */
		B05057C81FABFAD8009D720A /* PasswordManager */ = {
			isa = PBXNativeTarget;
			buildConfigurationList = B05057F61FABFAD9009D720A /* Build configuration list for PBXNativeTarget "PasswordManager" */;
			buildPhases = (
				B05057C51FABFAD8009D720A /* Sources */,
				B05057C61FABFAD8009D720A /* Frameworks */,
				B05057C71FABFAD8009D720A /* Resources */,
			);
			buildRules = (
			);
			dependencies = (
			);
			name = PasswordManager;
			productName = PasswordManager;
			productReference = B05057C91FABFAD8009D720A /* PasswordManager.app */;
			productType = "com.apple.product-type.application";
		};
		B05057E11FABFAD9009D720A /* PasswordManagerTests */ = {
			isa = PBXNativeTarget;
			buildConfigurationList = B05057F91FABFAD9009D720A /* Build configuration list for PBXNativeTarget "PasswordManagerTests" */;
			buildPhases = (
				B05057DE1FABFAD9009D720A /* Sources */,
				B05057DF1FABFAD9009D720A /* Frameworks */,
				B05057E01FABFAD9009D720A /* Resources */,
			);
			buildRules = (
			);
			dependencies = (
				B05057E41FABFAD9009D720A /* PBXTargetDependency */,
			);
			name = PasswordManagerTests;
			productName = PasswordManagerTests;
			productReference = B05057E21FABFAD9009D720A /* PasswordManagerTests.xctest */;
			productType = "com.apple.product-type.bundle.unit-test";
		};
		B05057EC1FABFAD9009D720A /* PasswordManagerUITests */ = {
			isa = PBXNativeTarget;
			buildConfigurationList = B05057FC1FABFAD9009D720A /* Build configuration list for PBXNativeTarget "PasswordManagerUITests" */;
			buildPhases = (
				B05057E91FABFAD9009D720A /* Sources */,
				B05057EA1FABFAD9009D720A /* Frameworks */,
				B05057EB1FABFAD9009D720A /* Resources */,
			);
			buildRules = (
			);
			dependencies = (
				B05057EF1FABFAD9009D720A /* PBXTargetDependency */,
			);
			name = PasswordManagerUITests;
			productName = PasswordManagerUITests;
			productReference = B05057ED1FABFAD9009D720A /* PasswordManagerUITests.xctest */;
			productType = "com.apple.product-type.bundle.ui-testing";
		};
/* End PBXNativeTarget section */

/* Begin PBXProject section */
		B05057C11FABFAD8009D720A /* Project object */ = {
			isa = PBXProject;
			attributes = {
				LastSwiftUpdateCheck = 0900;
				LastUpgradeCheck = 0900;
				ORGANIZATIONNAME = "Seobin Nam";
				TargetAttributes = {
					B05057C81FABFAD8009D720A = {
						CreatedOnToolsVersion = 9.0.1;
						ProvisioningStyle = Automatic;
					};
					B05057E11FABFAD9009D720A = {
						CreatedOnToolsVersion = 9.0.1;
						ProvisioningStyle = Automatic;
						TestTargetID = B05057C81FABFAD8009D720A;
					};
					B05057EC1FABFAD9009D720A = {
						CreatedOnToolsVersion = 9.0.1;
						ProvisioningStyle = Automatic;
						TestTargetID = B05057C81FABFAD8009D720A;
					};
				};
			};
			buildConfigurationList = B05057C41FABFAD8009D720A /* Build configuration list for PBXProject "PasswordManager" */;
			compatibilityVersion = "Xcode 8.0";
			developmentRegion = en;
			hasScannedForEncodings = 0;
			knownRegions = (
				en,
				Base,
			);
			mainGroup = B05057C01FABFAD8009D720A;
			productRefGroup = B05057CA1FABFAD8009D720A /* Products */;
			projectDirPath = "";
			projectRoot = "";
			targets = (
				B05057C81FABFAD8009D720A /* PasswordManager */,
				B05057E11FABFAD9009D720A /* PasswordManagerTests */,
				B05057EC1FABFAD9009D720A /* PasswordManagerUITests */,
			);
		};
/* End PBXProject section */

/* Begin PBXResourcesBuildPhase section */
		B05057C71FABFAD8009D720A /* Resources */ = {
			isa = PBXResourcesBuildPhase;
			buildActionMask = 2147483647;
			files = (
				B05057DC1FABFAD8009D720A /* LaunchScreen.storyboard in Resources */,
				B05057D91FABFAD8009D720A /* Assets.xcassets in Resources */,
				B05057D71FABFAD8009D720A /* Main.storyboard in Resources */,
			);
			runOnlyForDeploymentPostprocessing = 0;
		};
		B05057E01FABFAD9009D720A /* Resources */ = {
			isa = PBXResourcesBuildPhase;
			buildActionMask = 2147483647;
			files = (
			);
			runOnlyForDeploymentPostprocessing = 0;
		};
		B05057EB1FABFAD9009D720A /* Resources */ = {
			isa = PBXResourcesBuildPhase;
			buildActionMask = 2147483647;
			files = (
			);
			runOnlyForDeploymentPostprocessing = 0;
		};
/* End PBXResourcesBuildPhase section */

/* Begin PBXSourcesBuildPhase section */
		B05057C51FABFAD8009D720A /* Sources */ = {
			isa = PBXSourcesBuildPhase;
			buildActionMask = 2147483647;
			files = (
				B05057D01FABFAD8009D720A /* PasswordManager.xcdatamodeld in Sources */,
				B05057CD1FABFAD8009D720A /* AppDelegate.swift in Sources */,
				B05057D21FABFAD8009D720A /* MasterViewController.swift in Sources */,
				B05057D41FABFAD8009D720A /* DetailViewController.swift in Sources */,
			);
			runOnlyForDeploymentPostprocessing = 0;
		};
		B05057DE1FABFAD9009D720A /* Sources */ = {
			isa = PBXSourcesBuildPhase;
			buildActionMask = 2147483647;
			files = (
				B05057E71FABFAD9009D720A /* PasswordManagerTests.swift in Sources */,
			);
			runOnlyForDeploymentPostprocessing = 0;
		};
		B05057E91FABFAD9009D720A /* Sources */ = {
			isa = PBXSourcesBuildPhase;
			buildActionMask = 2147483647;
			files = (
				B05057F21FABFAD9009D720A /* PasswordManagerUITests.swift in Sources */,
			);
			runOnlyForDeploymentPostprocessing = 0;
		};
/* End PBXSourcesBuildPhase section */

/* Begin PBXTargetDependency section */
		B05057E41FABFAD9009D720A /* PBXTargetDependency */ = {
			isa = PBXTargetDependency;
			target = B05057C81FABFAD8009D720A /* PasswordManager */;
			targetProxy = B05057E31FABFAD9009D720A /* PBXContainerItemProxy */;
		};
		B05057EF1FABFAD9009D720A /* PBXTargetDependency */ = {
			isa = PBXTargetDependency;
			target = B05057C81FABFAD8009D720A /* PasswordManager */;
			targetProxy = B05057EE1FABFAD9009D720A /* PBXContainerItemProxy */;
		};
/* End PBXTargetDependency section */

/* Begin PBXVariantGroup section */
		B05057D51FABFAD8009D720A /* Main.storyboard */ = {
			isa = PBXVariantGroup;
			children = (
				B05057D61FABFAD8009D720A /* Base */,
			);
			name = Main.storyboard;
			sourceTree = "<group>";
		};
		B05057DA1FABFAD8009D720A /* LaunchScreen.storyboard */ = {
			isa = PBXVariantGroup;
			children = (
				B05057DB1FABFAD8009D720A /* Base */,
			);
			name = LaunchScreen.storyboard;
			sourceTree = "<group>";
		};
/* End PBXVariantGroup section */

/* Begin XCBuildConfiguration section */
		B05057F41FABFAD9009D720A /* Debug */ = {
			isa = XCBuildConfiguration;
			buildSettings = {
				ALWAYS_SEARCH_USER_PATHS = NO;
				CLANG_ANALYZER_NONNULL = YES;
				CLANG_ANALYZER_NUMBER_OBJECT_CONVERSION = YES_AGGRESSIVE;
				CLANG_CXX_LANGUAGE_STANDARD = "gnu++14";
				CLANG_CXX_LIBRARY = "libc++";
				CLANG_ENABLE_MODULES = YES;
				CLANG_ENABLE_OBJC_ARC = YES;
				CLANG_WARN_BLOCK_CAPTURE_AUTORELEASING = YES;
				CLANG_WARN_BOOL_CONVERSION = YES;
				CLANG_WARN_COMMA = YES;
				CLANG_WARN_CONSTANT_CONVERSION = YES;
				CLANG_WARN_DIRECT_OBJC_ISA_USAGE = YES_ERROR;
				CLANG_WARN_DOCUMENTATION_COMMENTS = YES;
				CLANG_WARN_EMPTY_BODY = YES;
				CLANG_WARN_ENUM_CONVERSION = YES;
				CLANG_WARN_INFINITE_RECURSION = YES;
				CLANG_WARN_INT_CONVERSION = YES;
				CLANG_WARN_NON_LITERAL_NULL_CONVERSION = YES;
				CLANG_WARN_OBJC_LITERAL_CONVERSION = YES;
				CLANG_WARN_OBJC_ROOT_CLASS = YES_ERROR;
				CLANG_WARN_RANGE_LOOP_ANALYSIS = YES;
				CLANG_WARN_STRICT_PROTOTYPES = YES;
				CLANG_WARN_SUSPICIOUS_MOVE = YES;
				CLANG_WARN_UNGUARDED_AVAILABILITY = YES_AGGRESSIVE;
				CLANG_WARN_UNREACHABLE_CODE = YES;
				CLANG_WARN__DUPLICATE_METHOD_MATCH = YES;
				CODE_SIGN_IDENTITY = "iPhone Developer";
				COPY_PHASE_STRIP = NO;
				DEBUG_INFORMATION_FORMAT = dwarf;
				ENABLE_STRICT_OBJC_MSGSEND = YES;
				ENABLE_TESTABILITY = YES;
				GCC_C_LANGUAGE_STANDARD = gnu11;
				GCC_DYNAMIC_NO_PIC = NO;
				GCC_NO_COMMON_BLOCKS = YES;
				GCC_OPTIMIZATION_LEVEL = 0;
				GCC_PREPROCESSOR_DEFINITIONS = (
					"DEBUG=1",
					"$(inherited)",
				);
				GCC_WARN_64_TO_32_BIT_CONVERSION = YES;
				GCC_WARN_ABOUT_RETURN_TYPE = YES_ERROR;
				GCC_WARN_UNDECLARED_SELECTOR = YES;
				GCC_WARN_UNINITIALIZED_AUTOS = YES_AGGRESSIVE;
				GCC_WARN_UNUSED_FUNCTION = YES;
				GCC_WARN_UNUSED_VARIABLE = YES;
				IPHONEOS_DEPLOYMENT_TARGET = 11.0;
				MTL_ENABLE_DEBUG_INFO = YES;
				ONLY_ACTIVE_ARCH = YES;
				SDKROOT = iphoneos;
				SWIFT_ACTIVE_COMPILATION_CONDITIONS = DEBUG;
				SWIFT_OPTIMIZATION_LEVEL = "-Onone";
			};
			name = Debug;
		};
		B05057F51FABFAD9009D720A /* Release */ = {
			isa = XCBuildConfiguration;
			buildSettings = {
				ALWAYS_SEARCH_USER_PATHS = NO;
				CLANG_ANALYZER_NONNULL = YES;
				CLANG_ANALYZER_NUMBER_OBJECT_CONVERSION = YES_AGGRESSIVE;
				CLANG_CXX_LANGUAGE_STANDARD = "gnu++14";
				CLANG_CXX_LIBRARY = "libc++";
				CLANG_ENABLE_MODULES = YES;
				CLANG_ENABLE_OBJC_ARC = YES;
				CLANG_WARN_BLOCK_CAPTURE_AUTORELEASING = YES;
				CLANG_WARN_BOOL_CONVERSION = YES;
				CLANG_WARN_COMMA = YES;
				CLANG_WARN_CONSTANT_CONVERSION = YES;
				CLANG_WARN_DIRECT_OBJC_ISA_USAGE = YES_ERROR;
				CLANG_WARN_DOCUMENTATION_COMMENTS = YES;
				CLANG_WARN_EMPTY_BODY = YES;
				CLANG_WARN_ENUM_CONVERSION = YES;
				CLANG_WARN_INFINITE_RECURSION = YES;
				CLANG_WARN_INT_CONVERSION = YES;
				CLANG_WARN_NON_LITERAL_NULL_CONVERSION = YES;
				CLANG_WARN_OBJC_LITERAL_CONVERSION = YES;
				CLANG_WARN_OBJC_ROOT_CLASS = YES_ERROR;
				CLANG_WARN_RANGE_LOOP_ANALYSIS = YES;
				CLANG_WARN_STRICT_PROTOTYPES = YES;
				CLANG_WARN_SUSPICIOUS_MOVE = YES;
				CLANG_WARN_UNGUARDED_AVAILABILITY = YES_AGGRESSIVE;
				CLANG_WARN_UNREACHABLE_CODE = YES;
				CLANG_WARN__DUPLICATE_METHOD_MATCH = YES;
				CODE_SIGN_IDENTITY = "iPhone Developer";
				COPY_PHASE_STRIP = NO;
				DEBUG_INFORMATION_FORMAT = "dwarf-with-dsym";
				ENABLE_NS_ASSERTIONS = NO;
				ENABLE_STRICT_OBJC_MSGSEND = YES;
				GCC_C_LANGUAGE_STANDARD = gnu11;
				GCC_NO_COMMON_BLOCKS = YES;
				GCC_WARN_64_TO_32_BIT_CONVERSION = YES;
				GCC_WARN_ABOUT_RETURN_TYPE = YES_ERROR;
				GCC_WARN_UNDECLARED_SELECTOR = YES;
				GCC_WARN_UNINITIALIZED_AUTOS = YES_AGGRESSIVE;
				GCC_WARN_UNUSED_FUNCTION = YES;
				GCC_WARN_UNUSED_VARIABLE = YES;
				IPHONEOS_DEPLOYMENT_TARGET = 11.0;
				MTL_ENABLE_DEBUG_INFO = NO;
				SDKROOT = iphoneos;
				SWIFT_OPTIMIZATION_LEVEL = "-Owholemodule";
				VALIDATE_PRODUCT = YES;
			};
			name = Release;
		};
		B05057F71FABFAD9009D720A /* Debug */ = {
			isa = XCBuildConfiguration;
			buildSettings = {
				ASSETCATALOG_COMPILER_APPICON_NAME = AppIcon;
				CODE_SIGN_STYLE = Automatic;
				DEVELOPMENT_TEAM = 7S5D6749U9;
				INFOPLIST_FILE = PasswordManager/Info.plist;
				LD_RUNPATH_SEARCH_PATHS = "$(inherited) @executable_path/Frameworks";
				PRODUCT_BUNDLE_IDENTIFIER = seobin0204.PasswordManager;
				PRODUCT_NAME = "$(TARGET_NAME)";
				SWIFT_VERSION = 4.0;
				TARGETED_DEVICE_FAMILY = "1,2";
			};
			name = Debug;
		};
		B05057F81FABFAD9009D720A /* Release */ = {
			isa = XCBuildConfiguration;
			buildSettings = {
				ASSETCATALOG_COMPILER_APPICON_NAME = AppIcon;
				CODE_SIGN_STYLE = Automatic;
				DEVELOPMENT_TEAM = 7S5D6749U9;
				INFOPLIST_FILE = PasswordManager/Info.plist;
				LD_RUNPATH_SEARCH_PATHS = "$(inherited) @executable_path/Frameworks";
				PRODUCT_BUNDLE_IDENTIFIER = seobin0204.PasswordManager;
				PRODUCT_NAME = "$(TARGET_NAME)";
				SWIFT_VERSION = 4.0;
				TARGETED_DEVICE_FAMILY = "1,2";
			};
			name = Release;
		};
		B05057FA1FABFAD9009D720A /* Debug */ = {
			isa = XCBuildConfiguration;
			buildSettings = {
				ALWAYS_EMBED_SWIFT_STANDARD_LIBRARIES = YES;
				BUNDLE_LOADER = "$(TEST_HOST)";
				CODE_SIGN_STYLE = Automatic;
				INFOPLIST_FILE = PasswordManagerTests/Info.plist;
				LD_RUNPATH_SEARCH_PATHS = "$(inherited) @executable_path/Frameworks @loader_path/Frameworks";
				PRODUCT_BUNDLE_IDENTIFIER = seobin0204.PasswordManagerTests;
				PRODUCT_NAME = "$(TARGET_NAME)";
				SWIFT_VERSION = 4.0;
				TARGETED_DEVICE_FAMILY = "1,2";
				TEST_HOST = "$(BUILT_PRODUCTS_DIR)/PasswordManager.app/PasswordManager";
			};
			name = Debug;
		};
		B05057FB1FABFAD9009D720A /* Release */ = {
			isa = XCBuildConfiguration;
			buildSettings = {
				ALWAYS_EMBED_SWIFT_STANDARD_LIBRARIES = YES;
				BUNDLE_LOADER = "$(TEST_HOST)";
				CODE_SIGN_STYLE = Automatic;
				INFOPLIST_FILE = PasswordManagerTests/Info.plist;
				LD_RUNPATH_SEARCH_PATHS = "$(inherited) @executable_path/Frameworks @loader_path/Frameworks";
				PRODUCT_BUNDLE_IDENTIFIER = seobin0204.PasswordManagerTests;
				PRODUCT_NAME = "$(TARGET_NAME)";
				SWIFT_VERSION = 4.0;
				TARGETED_DEVICE_FAMILY = "1,2";
				TEST_HOST = "$(BUILT_PRODUCTS_DIR)/PasswordManager.app/PasswordManager";
			};
			name = Release;
		};
		B05057FD1FABFAD9009D720A /* Debug */ = {
			isa = XCBuildConfiguration;
			buildSettings = {
				ALWAYS_EMBED_SWIFT_STANDARD_LIBRARIES = YES;
				CODE_SIGN_STYLE = Automatic;
				INFOPLIST_FILE = PasswordManagerUITests/Info.plist;
				LD_RUNPATH_SEARCH_PATHS = "$(inherited) @executable_path/Frameworks @loader_path/Frameworks";
				PRODUCT_BUNDLE_IDENTIFIER = seobin0204.PasswordManagerUITests;
				PRODUCT_NAME = "$(TARGET_NAME)";
				SWIFT_VERSION = 4.0;
				TARGETED_DEVICE_FAMILY = "1,2";
				TEST_TARGET_NAME = PasswordManager;
			};
			name = Debug;
		};
		B05057FE1FABFAD9009D720A /* Release */ = {
			isa = XCBuildConfiguration;
			buildSettings = {
				ALWAYS_EMBED_SWIFT_STANDARD_LIBRARIES = YES;
				CODE_SIGN_STYLE = Automatic;
				INFOPLIST_FILE = PasswordManagerUITests/Info.plist;
				LD_RUNPATH_SEARCH_PATHS = "$(inherited) @executable_path/Frameworks @loader_path/Frameworks";
				PRODUCT_BUNDLE_IDENTIFIER = seobin0204.PasswordManagerUITests;
				PRODUCT_NAME = "$(TARGET_NAME)";
				SWIFT_VERSION = 4.0;
				TARGETED_DEVICE_FAMILY = "1,2";
				TEST_TARGET_NAME = PasswordManager;
			};
			name = Release;
		};
/* End XCBuildConfiguration section */

/* Begin XCConfigurationList section */
		B05057C41FABFAD8009D720A /* Build configuration list for PBXProject "PasswordManager" */ = {
			isa = XCConfigurationList;
			buildConfigurations = (
				B05057F41FABFAD9009D720A /* Debug */,
				B05057F51FABFAD9009D720A /* Release */,
			);
			defaultConfigurationIsVisible = 0;
			defaultConfigurationName = Release;
		};
		B05057F61FABFAD9009D720A /* Build configuration list for PBXNativeTarget "PasswordManager" */ = {
			isa = XCConfigurationList;
			buildConfigurations = (
				B05057F71FABFAD9009D720A /* Debug */,
				B05057F81FABFAD9009D720A /* Release */,
			);
			defaultConfigurationIsVisible = 0;
			defaultConfigurationName = Release;
		};
		B05057F91FABFAD9009D720A /* Build configuration list for PBXNativeTarget "PasswordManagerTests" */ = {
			isa = XCConfigurationList;
			buildConfigurations = (
				B05057FA1FABFAD9009D720A /* Debug */,
				B05057FB1FABFAD9009D720A /* Release */,
			);
			defaultConfigurationIsVisible = 0;
			defaultConfigurationName = Release;
		};
		B05057FC1FABFAD9009D720A /* Build configuration list for PBXNativeTarget "PasswordManagerUITests" */ = {
			isa = XCConfigurationList;
			buildConfigurations = (
				B05057FD1FABFAD9009D720A /* Debug */,
				B05057FE1FABFAD9009D720A /* Release */,
			);
			defaultConfigurationIsVisible = 0;
			defaultConfigurationName = Release;
		};
/* End XCConfigurationList section */

/* Begin XCVersionGroup section */
		B05057CE1FABFAD8009D720A /* PasswordManager.xcdatamodeld */ = {
			isa = XCVersionGroup;
			children = (
				B05057CF1FABFAD8009D720A /* PasswordManager.xcdatamodel */,
			);
			currentVersion = B05057CF1FABFAD8009D720A /* PasswordManager.xcdatamodel */;
			path = PasswordManager.xcdatamodeld;
			sourceTree = "<group>";
			versionGroupType = wrapper.xcdatamodel;
		};
/* End XCVersionGroup section */
	};
	rootObject = B05057C11FABFAD8009D720A /* Project object */;
}
